{
  "name": "cypher_game_gemini",
  "version": "1.0.0",
  "lockfileVersion": 3,
  "requires": true,
  "packages": {
    "": {
      "name": "cypher_game_gemini",
      "version": "1.0.0",
      "devDependencies": {
        "vite": "^5.2.0"
      }
    },
    "node_modules/vite": {
      "version": "5.2.11",
      "resolved": "https://registry.npmjs.org/vite/-/vite-5.2.11.tgz",
      "integrity": "sha512-94p42PFsKnzGWx/ju0RduCMsZ/HXXIQK5vCk1vZ1tcHTul3e8DqRLVQjaxAg/P6MqxsVXniPdwWh05rq6Artyg==",
      "dev": true,
      "engines": {
        "node": "^18.0.0 || >=20.0.0"
      },
      "hasInstallScript": true,
      "bin": {
        "vite": "bin/vite.js"
      },
      "peerDependencies": {
        "@types/node": "^18.0.0 || >=20.0.0",
        "less": "*",
        "lightningcss": "^1.21.0",
        "sass": "*",
        "stylus": "*",
        "sugarss": "*",
        "terser": "^5.4.0"
      },
      "peerDependenciesMeta": {
        "@types/node": {
          "optional": true
        },
        "less": {
          "optional": true
        },
        "lightningcss": {
          "optional": true
        },
        "sass": {
          "optional": true
        },
        "stylus": {
          "optional": true
        },
        "sugarss": {
          "optional": true
        },
        "terser": {
          "optional": true
        }
      }
    }
  },
  "dependencies": {
    "vite": {
      "version": "5.2.11",
      "resolved": "https://registry.npmjs.org/vite/-/vite-5.2.11.tgz",
      "integrity": "sha512-94p42PFsKnzGWx/ju0RduCMsZ/HXXIQK5vCk1vZ1tcHTul3e8DqRLVQjaxAg/P6MqxsVXniPdwWh05rq6Artyg==",
      "dev": true,
      "requires": {}
    }
  }
}
